# THIS IS AN AUTOGENERATED FILE. DO NOT EDIT THIS FILE DIRECTLY.
# yarn lockfile v1


"@elsa-health/model-runtime@^0.1.0":
  version "0.1.0"
  resolved "https://registry.yarnpkg.com/@elsa-health/model-runtime/-/model-runtime-0.1.0.tgz#6c5e0f6dbf4dd8cff8614b8b625c419dd19c2437"
  integrity sha512-oGQ7xsFvTY6pWW2jkxmozEiEjlPhIToK0OTMZnHC5QLGioUbkZNFExSDNOsCEHT1QiFAndSCZkUsjcKM7YRa6A==
  dependencies:
    "@stdlib/stats" "^0.0.13"

"@stdlib/array@^0.0.x":
  version "0.0.12"
  resolved "https://registry.yarnpkg.com/@stdlib/array/-/array-0.0.12.tgz#12f40ab95bb36d424cdad991f29fc3cb491ee29e"
  integrity sha512-nDksiuvRC1dSTHrf5yOGQmlRwAzSKV8MdFQwFSvLbZGGhi5Y4hExqea5HloLgNVouVs8lnAFi2oubSM4Mc7YAg==
  dependencies:
    "@stdlib/assert" "^0.0.x"
    "@stdlib/blas" "^0.0.x"
    "@stdlib/complex" "^0.0.x"
    "@stdlib/constants" "^0.0.x"
    "@stdlib/math" "^0.0.x"
    "@stdlib/symbol" "^0.0.x"
    "@stdlib/types" "^0.0.x"
    "@stdlib/utils" "^0.0.x"

"@stdlib/assert@^0.0.x":
  version "0.0.12"
  resolved "https://registry.yarnpkg.com/@stdlib/assert/-/assert-0.0.12.tgz#1648c9016e5041291f55a6464abcc4069c5103ce"
  integrity sha512-38FxFf+ZoQZbdc+m09UsWtaCmzd/2e7im0JOaaFYE7icmRfm+4KiE9BRvBT4tIn7ioLB2f9PsBicKjIsf+tY1w==
  dependencies:
    "@stdlib/array" "^0.0.x"
    "@stdlib/cli" "^0.0.x"
    "@stdlib/complex" "^0.0.x"
    "@stdlib/constants" "^0.0.x"
    "@stdlib/fs" "^0.0.x"
    "@stdlib/math" "^0.0.x"
    "@stdlib/ndarray" "^0.0.x"
    "@stdlib/number" "^0.0.x"
    "@stdlib/os" "^0.0.x"
    "@stdlib/process" "^0.0.x"
    "@stdlib/regexp" "^0.0.x"
    "@stdlib/streams" "^0.0.x"
    "@stdlib/string" "^0.0.x"
    "@stdlib/symbol" "^0.0.x"
    "@stdlib/types" "^0.0.x"
    "@stdlib/utils" "^0.0.x"

"@stdlib/bigint@^0.0.x":
  version "0.0.11"
  resolved "https://registry.yarnpkg.com/@stdlib/bigint/-/bigint-0.0.11.tgz#c416a1d727001c55f4897e6424124199d638f2fd"
  integrity sha512-uz0aYDLABAYyqxaCSHYbUt0yPkXYUCR7TrVvHN+UUD3i8FZ02ZKcLO+faKisDyxKEoSFTNtn3Ro8Ir5ebOlVXQ==
  dependencies:
    "@stdlib/utils" "^0.0.x"

"@stdlib/blas@^0.0.x":
  version "0.0.12"
  resolved "https://registry.yarnpkg.com/@stdlib/blas/-/blas-0.0.12.tgz#7e93e42b4621fc6903bf63264f045047333536c2"
  integrity sha512-nWY749bWceuoWQ7gz977blCwR7lyQ/rsIXVO4b600h+NFpeA2i/ea7MYC680utIbeu2cnDWHdglBPoK535VAzA==
  dependencies:
    "@stdlib/array" "^0.0.x"
    "@stdlib/assert" "^0.0.x"
    "@stdlib/math" "^0.0.x"
    "@stdlib/number" "^0.0.x"
    "@stdlib/types" "^0.0.x"
    "@stdlib/utils" "^0.0.x"

"@stdlib/buffer@^0.0.x":
  version "0.0.11"
  resolved "https://registry.yarnpkg.com/@stdlib/buffer/-/buffer-0.0.11.tgz#6137b00845e6c905181cc7ebfae9f7e47c01b0ce"
  integrity sha512-Jeie5eDDa1tVuRcuU+cBXI/oOXSmMxUUccZpqXzgYe0IO8QSNtNxv9mUTzJk/m5wH+lmLoDvNxzPpOH9TODjJg==
  dependencies:
    "@stdlib/array" "^0.0.x"
    "@stdlib/assert" "^0.0.x"
    "@stdlib/process" "^0.0.x"
    "@stdlib/types" "^0.0.x"
    "@stdlib/utils" "^0.0.x"

"@stdlib/cli@^0.0.x":
  version "0.0.10"
  resolved "https://registry.yarnpkg.com/@stdlib/cli/-/cli-0.0.10.tgz#28e2fbe6865d7f5cd15b7dc5846c99bd3b91674f"
  integrity sha512-OITGaxG46kwK799+NuOd/+ccosJ9koVuQBC610DDJv0ZJf8mD7sbjGXrmue9C4EOh8MP7Vm/6HN14BojX8oTCg==
  dependencies:
    "@stdlib/utils" "^0.0.x"
    minimist "^1.2.0"

"@stdlib/complex@^0.0.x":
  version "0.0.12"
  resolved "https://registry.yarnpkg.com/@stdlib/complex/-/complex-0.0.12.tgz#3afbc190cd0a9b37fc7c6e508c3aa9fda9106944"
  integrity sha512-UbZBdaUxT2G+lsTIrVlRZwx2IRY6GXnVILggeejsIVxHSuK+oTyapfetcAv0FJFLP+Rrr+ZzrN4b9G3hBw6NHA==
  dependencies:
    "@stdlib/array" "^0.0.x"
    "@stdlib/assert" "^0.0.x"
    "@stdlib/types" "^0.0.x"
    "@stdlib/utils" "^0.0.x"

"@stdlib/constants@^0.0.x":
  version "0.0.11"
  resolved "https://registry.yarnpkg.com/@stdlib/constants/-/constants-0.0.11.tgz#78cd56d6c2982b30264843c3d75bde7125e90cd2"
  integrity sha512-cWKy0L9hXHUQTvFzdPkTvZnn/5Pjv7H4UwY0WC1rLt+A5CxFDJKjvnIi9ypSzJS3CAiGl1ZaHCdadoqXhNdkUg==
  dependencies:
    "@stdlib/array" "^0.0.x"
    "@stdlib/assert" "^0.0.x"
    "@stdlib/number" "^0.0.x"
    "@stdlib/utils" "^0.0.x"

"@stdlib/fs@^0.0.x":
  version "0.0.12"
  resolved "https://registry.yarnpkg.com/@stdlib/fs/-/fs-0.0.12.tgz#662365fd5846a51f075724b4f2888ae88441b70d"
  integrity sha512-zcDLbt39EEM3M3wJW6luChS53B8T+TMJkjs2526UpKJ71O0/0adR57cI7PfCpkMd33d05uM7GM+leEj4eks4Cw==
  dependencies:
    "@stdlib/array" "^0.0.x"
    "@stdlib/assert" "^0.0.x"
    "@stdlib/cli" "^0.0.x"
    "@stdlib/math" "^0.0.x"
    "@stdlib/process" "^0.0.x"
    "@stdlib/string" "^0.0.x"
    "@stdlib/utils" "^0.0.x"
    debug "^2.6.9"

"@stdlib/math@^0.0.x":
  version "0.0.11"
  resolved "https://registry.yarnpkg.com/@stdlib/math/-/math-0.0.11.tgz#eb6638bc03a20fbd6727dd5b977ee0170bda4649"
  integrity sha512-qI78sR1QqGjHj8k/aAqkZ51Su2fyBvaR/jMKQqcB/ML8bpYpf+QGlGvTty5Qdru/wpqds4kVFOVbWGcNFIV2+Q==
  dependencies:
    "@stdlib/assert" "^0.0.x"
    "@stdlib/constants" "^0.0.x"
    "@stdlib/ndarray" "^0.0.x"
    "@stdlib/number" "^0.0.x"
    "@stdlib/strided" "^0.0.x"
    "@stdlib/symbol" "^0.0.x"
    "@stdlib/types" "^0.0.x"
    "@stdlib/utils" "^0.0.x"
    debug "^2.6.9"

"@stdlib/ndarray@^0.0.x":
  version "0.0.13"
  resolved "https://registry.yarnpkg.com/@stdlib/ndarray/-/ndarray-0.0.13.tgz#2e8fc645e10f56a645a0ab81598808c0e8f43b82"
  integrity sha512-Z+U9KJP4U2HWrLtuAXSPvhNetAdqaNLMcliR6S/fz+VPlFDeymRK7omRFMgVQ+1zcAvIgKZGJxpLC3vjiPUYEw==
  dependencies:
    "@stdlib/array" "^0.0.x"
    "@stdlib/assert" "^0.0.x"
    "@stdlib/bigint" "^0.0.x"
    "@stdlib/buffer" "^0.0.x"
    "@stdlib/complex" "^0.0.x"
    "@stdlib/constants" "^0.0.x"
    "@stdlib/math" "^0.0.x"
    "@stdlib/number" "^0.0.x"
    "@stdlib/string" "^0.0.x"
    "@stdlib/types" "^0.0.x"
    "@stdlib/utils" "^0.0.x"

"@stdlib/nlp@^0.0.x":
  version "0.0.11"
  resolved "https://registry.yarnpkg.com/@stdlib/nlp/-/nlp-0.0.11.tgz#532ec0f7267b8d639e4c20c6de864e8de8a09054"
  integrity sha512-D9avYWANm0Db2W7RpzdSdi5GxRYALGAqUrNnRnnKIO6sMEfr/DvONoAbWruda4QyvSC+0MJNwcEn7+PHhRwYhw==
  dependencies:
    "@stdlib/array" "^0.0.x"
    "@stdlib/assert" "^0.0.x"
    "@stdlib/math" "^0.0.x"
    "@stdlib/random" "^0.0.x"
    "@stdlib/string" "^0.0.x"
    "@stdlib/utils" "^0.0.x"

"@stdlib/number@^0.0.x":
  version "0.0.10"
  resolved "https://registry.yarnpkg.com/@stdlib/number/-/number-0.0.10.tgz#4030ad8fc3fac19a9afb415c443cee6deea0e65c"
  integrity sha512-RyfoP9MlnX4kccvg8qv7vYQPbLdzfS1Mnp/prGOoWhvMG3pyBwFAan34kwFb5IS/zHC3W5EmrgXCV2QWyLg/Kg==
  dependencies:
    "@stdlib/array" "^0.0.x"
    "@stdlib/assert" "^0.0.x"
    "@stdlib/constants" "^0.0.x"
    "@stdlib/math" "^0.0.x"
    "@stdlib/os" "^0.0.x"
    "@stdlib/string" "^0.0.x"
    "@stdlib/types" "^0.0.x"
    "@stdlib/utils" "^0.0.x"

"@stdlib/os@^0.0.x":
  version "0.0.12"
  resolved "https://registry.yarnpkg.com/@stdlib/os/-/os-0.0.12.tgz#08bbf013c62a7153099fa9cbac086ca1349a4677"
  integrity sha512-O7lklZ/9XEzoCmYvzjPh7jrFWkbpOSHGI71ve3dkSvBy5tyiSL3TtivfKsIC+9ZxuEJZ3d3lIjc9e+yz4HVbqQ==
  dependencies:
    "@stdlib/assert" "^0.0.x"
    "@stdlib/cli" "^0.0.x"
    "@stdlib/fs" "^0.0.x"
    "@stdlib/process" "^0.0.x"
    "@stdlib/utils" "^0.0.x"

"@stdlib/process@^0.0.x":
  version "0.0.12"
  resolved "https://registry.yarnpkg.com/@stdlib/process/-/process-0.0.12.tgz#123325079d89a32f4212f72fb694f8fe3614cf18"
  integrity sha512-P0X0TMvkissBE1Wr877Avi2/AxmP7X5Toa6GatHbpJdDg6jQmN4SgPd+NZNp98YtZUyk478c8XSIzMr1krQ20g==
  dependencies:
    "@stdlib/assert" "^0.0.x"
    "@stdlib/buffer" "^0.0.x"
    "@stdlib/cli" "^0.0.x"
    "@stdlib/fs" "^0.0.x"
    "@stdlib/streams" "^0.0.x"
    "@stdlib/string" "^0.0.x"
    "@stdlib/utils" "^0.0.x"

"@stdlib/random@^0.0.x":
  version "0.0.12"
  resolved "https://registry.yarnpkg.com/@stdlib/random/-/random-0.0.12.tgz#e819c3abd602ed5559ba800dba751e49c633ff85"
  integrity sha512-c5yND4Ahnm9Jx0I+jsKhn4Yrz10D53ALSrIe3PG1qIz3kNFcIPnmvCuNGd+3V4ch4Mbrez55Y8z/ZC5RJh4vJQ==
  dependencies:
    "@stdlib/array" "^0.0.x"
    "@stdlib/assert" "^0.0.x"
    "@stdlib/blas" "^0.0.x"
    "@stdlib/buffer" "^0.0.x"
    "@stdlib/cli" "^0.0.x"
    "@stdlib/constants" "^0.0.x"
    "@stdlib/fs" "^0.0.x"
    "@stdlib/math" "^0.0.x"
    "@stdlib/process" "^0.0.x"
    "@stdlib/stats" "^0.0.x"
    "@stdlib/streams" "^0.0.x"
    "@stdlib/symbol" "^0.0.x"
    "@stdlib/types" "^0.0.x"
    "@stdlib/utils" "^0.0.x"
    debug "^2.6.9"
    readable-stream "^2.1.4"

"@stdlib/regexp@^0.0.x":
  version "0.0.13"
  resolved "https://registry.yarnpkg.com/@stdlib/regexp/-/regexp-0.0.13.tgz#80b98361dc7a441b47bc3fa964bb0c826759e971"
  integrity sha512-3JT5ZIoq/1nXY+dY+QtkU8/m7oWDeekyItEEXMx9c/AOf0ph8fmvTUGMDNfUq0RetcznFe3b66kFz6Zt4XHviA==
  dependencies:
    "@stdlib/assert" "^0.0.x"
    "@stdlib/utils" "^0.0.x"

"@stdlib/stats@^0.0.13", "@stdlib/stats@^0.0.x":
  version "0.0.13"
  resolved "https://registry.yarnpkg.com/@stdlib/stats/-/stats-0.0.13.tgz#87c973f385379d794707c7b5196a173dba8b07e1"
  integrity sha512-hm+t32dKbx/L7+7WlQ1o4NDEzV0J4QSnwFBCsIMIAO8+VPxTZ4FxyNERl4oKlS3hZZe4AVKjoOVhBDtgEWrS4g==
  dependencies:
    "@stdlib/array" "^0.0.x"
    "@stdlib/assert" "^0.0.x"
    "@stdlib/blas" "^0.0.x"
    "@stdlib/constants" "^0.0.x"
    "@stdlib/math" "^0.0.x"
    "@stdlib/ndarray" "^0.0.x"
    "@stdlib/random" "^0.0.x"
    "@stdlib/string" "^0.0.x"
    "@stdlib/symbol" "^0.0.x"
    "@stdlib/types" "^0.0.x"
    "@stdlib/utils" "^0.0.x"

"@stdlib/streams@^0.0.x":
  version "0.0.12"
  resolved "https://registry.yarnpkg.com/@stdlib/streams/-/streams-0.0.12.tgz#07f5ceae5852590afad8e1cb7ce94174becc8739"
  integrity sha512-YLUlXwjJNknHp92IkJUdvn5jEQjDckpawKhDLLCoxyh3h5V+w/8+61SH7TMTfKx5lBxKJ8vvtchZh90mIJOAjQ==
  dependencies:
    "@stdlib/assert" "^0.0.x"
    "@stdlib/buffer" "^0.0.x"
    "@stdlib/cli" "^0.0.x"
    "@stdlib/fs" "^0.0.x"
    "@stdlib/types" "^0.0.x"
    "@stdlib/utils" "^0.0.x"
    debug "^2.6.9"
    readable-stream "^2.1.4"

"@stdlib/strided@^0.0.x":
  version "0.0.12"
  resolved "https://registry.yarnpkg.com/@stdlib/strided/-/strided-0.0.12.tgz#86ac48e660cb7f64a45cf07e80cbbfe58be21ae1"
  integrity sha512-1NINP+Y7IJht34iri/bYLY7TVxrip51f6Z3qWxGHUCH33kvk5H5QqV+RsmFEGbbyoGtdeHrT2O+xA+7R2e3SNg==
  dependencies:
    "@stdlib/assert" "^0.0.x"
    "@stdlib/math" "^0.0.x"
    "@stdlib/ndarray" "^0.0.x"
    "@stdlib/types" "^0.0.x"
    "@stdlib/utils" "^0.0.x"

"@stdlib/string@^0.0.x":
  version "0.0.13"
  resolved "https://registry.yarnpkg.com/@stdlib/string/-/string-0.0.13.tgz#37457ca49e8d1dff0e523c68f5673c655c79eb2d"
  integrity sha512-nGMHi7Qk9LBW0+Y+e3pSePQEBqyWH7+7DjFR1APcbsYccJE0p4aCaQdhPhx9Tp7j3uRGBmqPFek8wpcvIuC+CQ==
  dependencies:
    "@stdlib/assert" "^0.0.x"
    "@stdlib/cli" "^0.0.x"
    "@stdlib/constants" "^0.0.x"
    "@stdlib/fs" "^0.0.x"
    "@stdlib/math" "^0.0.x"
    "@stdlib/nlp" "^0.0.x"
    "@stdlib/process" "^0.0.x"
    "@stdlib/regexp" "^0.0.x"
    "@stdlib/streams" "^0.0.x"
    "@stdlib/types" "^0.0.x"
    "@stdlib/utils" "^0.0.x"

"@stdlib/symbol@^0.0.x":
  version "0.0.12"
  resolved "https://registry.yarnpkg.com/@stdlib/symbol/-/symbol-0.0.12.tgz#b9f396b0bf269c2985bb7fe99810a8e26d7288c3"
  integrity sha512-2IDhpzWVGeLHgsvIsX12RXvf78r7xBkc4QLoRUv3k7Cp61BisR1Ym1p0Tq9PbxT8fknlvLToh9n5RpmESi2d4w==
  dependencies:
    "@stdlib/assert" "^0.0.x"
    "@stdlib/utils" "^0.0.x"

"@stdlib/time@^0.0.x":
  version "0.0.14"
  resolved "https://registry.yarnpkg.com/@stdlib/time/-/time-0.0.14.tgz#ea6daa438b1d3b019b99f5091117ee4bcef55d60"
  integrity sha512-1gMFCQTabMVIgww+k4g8HHHIhyy1tIlvwT8mC0BHW7Q7TzDAgobwL0bvor+lwvCb5LlDAvNQEpaRgVT99QWGeQ==
  dependencies:
    "@stdlib/assert" "^0.0.x"
    "@stdlib/cli" "^0.0.x"
    "@stdlib/constants" "^0.0.x"
    "@stdlib/fs" "^0.0.x"
    "@stdlib/math" "^0.0.x"
    "@stdlib/string" "^0.0.x"
    "@stdlib/utils" "^0.0.x"

"@stdlib/types@^0.0.x":
  version "0.0.13"
  resolved "https://registry.yarnpkg.com/@stdlib/types/-/types-0.0.13.tgz#4cf4666286294a48c589a37c2b0b48c9076128f9"
  integrity sha512-8aPkDtaJM/XZENqhoj7BYuwENLGyxz1xfLIcf2zct7kLZMi0rODzks3n65LEMIR9Rh3rFDXlwc35XvzEkTpmZQ==

"@stdlib/utils@^0.0.x":
  version "0.0.12"
  resolved "https://registry.yarnpkg.com/@stdlib/utils/-/utils-0.0.12.tgz#670de5a7b253f04f11a4cba38f790e82393bcb46"
  integrity sha512-+JhFpl6l7RSq/xGnbWRQ5dAL90h9ONj8MViqlb7teBZFtePZLMwoRA1wssypFcJ8SFMRWQn7lPmpYVUkGwRSOg==
  dependencies:
    "@stdlib/array" "^0.0.x"
    "@stdlib/assert" "^0.0.x"
    "@stdlib/blas" "^0.0.x"
    "@stdlib/buffer" "^0.0.x"
    "@stdlib/cli" "^0.0.x"
    "@stdlib/constants" "^0.0.x"
    "@stdlib/fs" "^0.0.x"
    "@stdlib/math" "^0.0.x"
    "@stdlib/os" "^0.0.x"
    "@stdlib/process" "^0.0.x"
    "@stdlib/random" "^0.0.x"
    "@stdlib/regexp" "^0.0.x"
    "@stdlib/streams" "^0.0.x"
    "@stdlib/string" "^0.0.x"
    "@stdlib/symbol" "^0.0.x"
    "@stdlib/time" "^0.0.x"
    "@stdlib/types" "^0.0.x"
    debug "^2.6.9"

accepts@~1.3.7:
  version "1.3.7"
  resolved "https://registry.npmjs.org/accepts/-/accepts-1.3.7.tgz"
  integrity sha512-Il80Qs2WjYlJIBNzNkK6KYqlVMTbZLXgHx2oT0pU/fjRHyEp+PEfEPY0R3WCwAGVOtauxh1hOxNgIf5bv7dQpA==
  dependencies:
    mime-types "~2.1.24"
    negotiator "0.6.2"

anymatch@~3.1.2:
  version "3.1.2"
  resolved "https://registry.npmjs.org/anymatch/-/anymatch-3.1.2.tgz"
  integrity sha512-P43ePfOAIupkguHUycrc4qJ9kz8ZiuOUijaETwX7THt0Y/GNK7v0aa8rY816xWjZ7rJdA5XdMcpVFTKMq+RvWg==
  dependencies:
    normalize-path "^3.0.0"
    picomatch "^2.0.4"

array-flatten@1.1.1:
  version "1.1.1"
  resolved "https://registry.npmjs.org/array-flatten/-/array-flatten-1.1.1.tgz"
  integrity sha1-ml9pkFGx5wczKPKgCJaLZOopVdI=

binary-extensions@^2.0.0:
  version "2.2.0"
  resolved "https://registry.npmjs.org/binary-extensions/-/binary-extensions-2.2.0.tgz"
  integrity sha512-jDctJ/IVQbZoJykoeHbhXpOlNBqGNcwXJKJog42E5HDPUwQTSdjCHdihjj0DlnheQ7blbT6dHOafNAiS8ooQKA==

body-parser@1.19.1:
  version "1.19.1"
  resolved "https://registry.npmjs.org/body-parser/-/body-parser-1.19.1.tgz"
  integrity sha512-8ljfQi5eBk8EJfECMrgqNGWPEY5jWP+1IzkzkGdFFEwFQZZyaZ21UqdaHktgiMlH0xLHqIFtE/u2OYE5dOtViA==
  dependencies:
    bytes "3.1.1"
    content-type "~1.0.4"
    debug "2.6.9"
    depd "~1.1.2"
    http-errors "1.8.1"
    iconv-lite "0.4.24"
    on-finished "~2.3.0"
    qs "6.9.6"
    raw-body "2.4.2"
    type-is "~1.6.18"

braces@~3.0.2:
  version "3.0.2"
  resolved "https://registry.npmjs.org/braces/-/braces-3.0.2.tgz"
  integrity sha512-b8um+L1RzM3WDSzvhm6gIz1yfTbBt6YTlcEKAvsmqCZZFw46z626lVj9j1yEPW33H5H+lBQpZMP1k8l+78Ha0A==
  dependencies:
    fill-range "^7.0.1"

bytes@3.1.1:
  version "3.1.1"
  resolved "https://registry.npmjs.org/bytes/-/bytes-3.1.1.tgz"
  integrity sha512-dWe4nWO/ruEOY7HkUJ5gFt1DCFV9zPRoJr8pV0/ASQermOZjtq8jMjOprC0Kd10GLN+l7xaUPvxzJFWtxGu8Fg==

chokidar@^3.4.3:
  version "3.5.3"
  resolved "https://registry.npmjs.org/chokidar/-/chokidar-3.5.3.tgz"
  integrity sha512-Dr3sfKRP6oTcjf2JmUmFJfeVMvXBdegxB0iVQ5eb2V10uFJUCAS8OByZdVAyVb8xXNz3GjjTgj9kLWsZTqE6kw==
  dependencies:
    anymatch "~3.1.2"
    braces "~3.0.2"
    glob-parent "~5.1.2"
    is-binary-path "~2.1.0"
    is-glob "~4.0.1"
    normalize-path "~3.0.0"
    readdirp "~3.6.0"
  optionalDependencies:
    fsevents "~2.3.2"

content-disposition@0.5.4:
  version "0.5.4"
  resolved "https://registry.npmjs.org/content-disposition/-/content-disposition-0.5.4.tgz"
  integrity sha512-FveZTNuGw04cxlAiWbzi6zTAL/lhehaWbTtgluJh4/E95DqMwTmha3KZN1aAWA8cFIhHzMZUvLevkw5Rqk+tSQ==
  dependencies:
    safe-buffer "5.2.1"

content-type@~1.0.4:
  version "1.0.4"
  resolved "https://registry.npmjs.org/content-type/-/content-type-1.0.4.tgz"
  integrity sha512-hIP3EEPs8tB9AT1L+NUqtwOAps4mk2Zob89MWXMHjHWg9milF/j4osnnQLXBCBFBk/tvIG/tUc9mOUJiPBhPXA==

cookie-signature@1.0.6:
  version "1.0.6"
  resolved "https://registry.npmjs.org/cookie-signature/-/cookie-signature-1.0.6.tgz"
  integrity sha1-4wOogrNCzD7oylE6eZmXNNqzriw=

cookie@0.4.1:
  version "0.4.1"
  resolved "https://registry.npmjs.org/cookie/-/cookie-0.4.1.tgz"
  integrity sha512-ZwrFkGJxUR3EIoXtO+yVE69Eb7KlixbaeAWfBQB9vVsNn/o+Yw69gBWSSDK825hQNdN+wF8zELf3dFNl/kxkUA==

core-util-is@~1.0.0:
  version "1.0.3"
  resolved "https://registry.yarnpkg.com/core-util-is/-/core-util-is-1.0.3.tgz#a6042d3634c2b27e9328f837b965fac83808db85"
  integrity sha512-ZQBvi1DcpJ4GDqanjucZ2Hj3wEO5pZDS89BWbkcrvdxksJorwUDDZamX9ldFkp9aw2lmBDLgkObEA4DWNJ9FYQ==

debug@2.6.9, debug@^2.6.9:
  version "2.6.9"
  resolved "https://registry.npmjs.org/debug/-/debug-2.6.9.tgz"
  integrity sha512-bC7ElrdJaJnPbAP+1EotYvqZsb3ecl5wi6Bfi6BJTUcNowp6cvspg0jXznRTKDjm/E7AdgFBVeAPVMNcKGsHMA==
  dependencies:
    ms "2.0.0"

depd@~1.1.2:
  version "1.1.2"
  resolved "https://registry.npmjs.org/depd/-/depd-1.1.2.tgz"
  integrity sha1-m81S4UwJd2PnSbJ0xDRu0uVgtak=

destroy@~1.0.4:
  version "1.0.4"
  resolved "https://registry.npmjs.org/destroy/-/destroy-1.0.4.tgz"
  integrity sha1-l4hXRCxEdJ5CBmE+N5RiBYJqvYA=

dotenv@^14.2.0:
  version "14.2.0"
  resolved "https://registry.npmjs.org/dotenv/-/dotenv-14.2.0.tgz"
  integrity sha512-05POuPJyPpO6jqzTNweQFfAyMSD4qa4lvsMOWyTRTdpHKy6nnnN+IYWaXF+lHivhBH/ufDKlR4IWCAN3oPnHuw==

ee-first@1.1.1:
  version "1.1.1"
  resolved "https://registry.npmjs.org/ee-first/-/ee-first-1.1.1.tgz"
  integrity sha1-WQxhFWsK4vTwJVcyoViyZrxWsh0=

encodeurl@~1.0.2:
  version "1.0.2"
  resolved "https://registry.npmjs.org/encodeurl/-/encodeurl-1.0.2.tgz"
  integrity sha1-rT/0yG7C0CkyL1oCw6mmBslbP1k=

esbuild@^0.9.7:
  version "0.9.7"
  resolved "https://registry.npmjs.org/esbuild/-/esbuild-0.9.7.tgz"
  integrity sha512-VtUf6aQ89VTmMLKrWHYG50uByMF4JQlVysb8dmg6cOgW8JnFCipmz7p+HNBl+RR3LLCuBxFGVauAe2wfnF9bLg==

escape-html@~1.0.3:
  version "1.0.3"
  resolved "https://registry.npmjs.org/escape-html/-/escape-html-1.0.3.tgz"
  integrity sha1-Aljq5NPQwJdN4cFpGI7wBR0dGYg=

etag@~1.8.1:
  version "1.8.1"
  resolved "https://registry.npmjs.org/etag/-/etag-1.8.1.tgz"
  integrity sha1-Qa4u62XvpiJorr/qg6x9eSmbCIc=

express@^4.17.1:
  version "4.17.2"
  resolved "https://registry.npmjs.org/express/-/express-4.17.2.tgz"
  integrity sha512-oxlxJxcQlYwqPWKVJJtvQiwHgosH/LrLSPA+H4UxpyvSS6jC5aH+5MoHFM+KABgTOt0APue4w66Ha8jCUo9QGg==
  dependencies:
    accepts "~1.3.7"
    array-flatten "1.1.1"
    body-parser "1.19.1"
    content-disposition "0.5.4"
    content-type "~1.0.4"
    cookie "0.4.1"
    cookie-signature "1.0.6"
    debug "2.6.9"
    depd "~1.1.2"
    encodeurl "~1.0.2"
    escape-html "~1.0.3"
    etag "~1.8.1"
    finalhandler "~1.1.2"
    fresh "0.5.2"
    merge-descriptors "1.0.1"
    methods "~1.1.2"
    on-finished "~2.3.0"
    parseurl "~1.3.3"
    path-to-regexp "0.1.7"
    proxy-addr "~2.0.7"
    qs "6.9.6"
    range-parser "~1.2.1"
    safe-buffer "5.2.1"
    send "0.17.2"
    serve-static "1.14.2"
    setprototypeof "1.2.0"
    statuses "~1.5.0"
    type-is "~1.6.18"
    utils-merge "1.0.1"
    vary "~1.1.2"

fill-range@^7.0.1:
  version "7.0.1"
  resolved "https://registry.npmjs.org/fill-range/-/fill-range-7.0.1.tgz"
  integrity sha512-qOo9F+dMUmC2Lcb4BbVvnKJxTPjCm+RRpe4gDuGrzkL7mEVl/djYSu2OdQ2Pa302N4oqkSg9ir6jaLWJ2USVpQ==
  dependencies:
    to-regex-range "^5.0.1"

finalhandler@~1.1.2:
  version "1.1.2"
  resolved "https://registry.npmjs.org/finalhandler/-/finalhandler-1.1.2.tgz"
  integrity sha512-aAWcW57uxVNrQZqFXjITpW3sIUQmHGG3qSb9mUah9MgMC4NeWhNOlNjXEYq3HjRAvL6arUviZGGJsBg6z0zsWA==
  dependencies:
    debug "2.6.9"
    encodeurl "~1.0.2"
    escape-html "~1.0.3"
    on-finished "~2.3.0"
    parseurl "~1.3.3"
    statuses "~1.5.0"
    unpipe "~1.0.0"

forwarded@0.2.0:
  version "0.2.0"
  resolved "https://registry.npmjs.org/forwarded/-/forwarded-0.2.0.tgz"
  integrity sha512-buRG0fpBtRHSTCOASe6hD258tEubFoRLb4ZNA6NxMVHNw2gOcwHo9wyablzMzOA5z9xA9L1KNjk/Nt6MT9aYow==

fresh@0.5.2:
  version "0.5.2"
  resolved "https://registry.npmjs.org/fresh/-/fresh-0.5.2.tgz"
  integrity sha1-PYyt2Q2XZWn6g1qx+OSyOhBWBac=

fsevents@~2.3.2:
  version "2.3.2"
  resolved "https://registry.yarnpkg.com/fsevents/-/fsevents-2.3.2.tgz#8a526f78b8fdf4623b709e0b975c52c24c02fd1a"
  integrity sha512-xiqMQR4xAeHTuB9uWm+fFRcIOgKBMiOBP+eXiyT7jsgVCq1bkVygt00oASowB7EdtpOHaaPgKt812P9ab+DDKA==

glob-parent@~5.1.2:
  version "5.1.2"
  resolved "https://registry.npmjs.org/glob-parent/-/glob-parent-5.1.2.tgz"
  integrity sha512-AOIgSQCepiJYwP3ARnGx+5VnTu2HBYdzbGP45eLw1vr3zB3vZLeyed1sC9hnbcOc9/SrMyM5RPQrkGz4aS9Zow==
  dependencies:
    is-glob "^4.0.1"

http-errors@1.8.1:
  version "1.8.1"
  resolved "https://registry.npmjs.org/http-errors/-/http-errors-1.8.1.tgz"
  integrity sha512-Kpk9Sm7NmI+RHhnj6OIWDI1d6fIoFAtFt9RLaTMRlg/8w49juAStsrBgp0Dp4OdxdVbRIeKhtCUvoi/RuAhO4g==
  dependencies:
    depd "~1.1.2"
    inherits "2.0.4"
    setprototypeof "1.2.0"
    statuses ">= 1.5.0 < 2"
    toidentifier "1.0.1"

iconv-lite@0.4.24:
  version "0.4.24"
  resolved "https://registry.npmjs.org/iconv-lite/-/iconv-lite-0.4.24.tgz"
  integrity sha512-v3MXnZAcvnywkTUEZomIActle7RXXeedOR31wwl7VlyoXO4Qi9arvSenNQWne1TcRwhCL1HwLI21bEqdpj8/rA==
  dependencies:
    safer-buffer ">= 2.1.2 < 3"

imba@^2.0.0-alpha.199:
  version "2.0.0-alpha.199"
  resolved "https://registry.npmjs.org/imba/-/imba-2.0.0-alpha.199.tgz"
  integrity sha512-Rd94wGPaUkup9YZSC5l7P/XkH4oUJkoCWpRtM/l5U86/c5VDBJ1jqJc0/x3VXiTPGvNT7QGNeY8MvquRt3Rr3g==
  dependencies:
    chokidar "^3.4.3"
    esbuild "^0.9.7"

inherits@2.0.4, inherits@~2.0.3:
  version "2.0.4"
  resolved "https://registry.npmjs.org/inherits/-/inherits-2.0.4.tgz"
  integrity sha512-k/vGaX4/Yla3WzyMCvTQOXYeIHvqOKtnqBduzTHpzpQZzAskKMhZ2K+EnBiSM9zGSoIFeMpXKxa4dYeZIQqewQ==

ipaddr.js@1.9.1:
  version "1.9.1"
  resolved "https://registry.npmjs.org/ipaddr.js/-/ipaddr.js-1.9.1.tgz"
  integrity sha512-0KI/607xoxSToH7GjN1FfSbLoU0+btTicjsQSWQlh/hZykN8KpmMf7uYwPW3R+akZ6R/w18ZlXSHBYXiYUPO3g==

is-binary-path@~2.1.0:
  version "2.1.0"
  resolved "https://registry.npmjs.org/is-binary-path/-/is-binary-path-2.1.0.tgz"
  integrity sha512-ZMERYes6pDydyuGidse7OsHxtbI7WVeUEozgR/g7rd0xUimYNlvZRE/K2MgZTjWy725IfelLeVcEM97mmtRGXw==
  dependencies:
    binary-extensions "^2.0.0"

is-extglob@^2.1.1:
  version "2.1.1"
  resolved "https://registry.npmjs.org/is-extglob/-/is-extglob-2.1.1.tgz"
  integrity sha1-qIwCU1eR8C7TfHahueqXc8gz+MI=

is-glob@^4.0.1, is-glob@~4.0.1:
  version "4.0.3"
  resolved "https://registry.npmjs.org/is-glob/-/is-glob-4.0.3.tgz"
  integrity sha512-xelSayHH36ZgE7ZWhli7pW34hNbNl8Ojv5KVmkJD4hBdD3th8Tfk9vYasLM+mXWOZhFkgZfxhLSnrwRr4elSSg==
  dependencies:
    is-extglob "^2.1.1"

is-number@^7.0.0:
  version "7.0.0"
  resolved "https://registry.npmjs.org/is-number/-/is-number-7.0.0.tgz"
  integrity sha512-41Cifkg6e8TylSpdtTpeLVMqvSBEVzTttHvERD741+pnZ8ANv0004MRL43QKPDlK9cGvNp6NZWZUBlbGXYxxng==

isarray@~1.0.0:
  version "1.0.0"
  resolved "https://registry.yarnpkg.com/isarray/-/isarray-1.0.0.tgz#bb935d48582cba168c06834957a54a3e07124f11"
  integrity sha1-u5NdSFgsuhaMBoNJV6VKPgcSTxE=

lodash@^4.17.21:
  version "4.17.21"
  resolved "https://registry.npmjs.org/lodash/-/lodash-4.17.21.tgz"
  integrity sha512-v2kDEe57lecTulaDIuNTPy3Ry4gLGJ6Z1O3vE1krgXZNrsQ+LFTGHVxVjcXPs17LhbZVGedAJv8XZ1tvj5FvSg==

media-typer@0.3.0:
  version "0.3.0"
  resolved "https://registry.npmjs.org/media-typer/-/media-typer-0.3.0.tgz"
  integrity sha1-hxDXrwqmJvj/+hzgAWhUUmMlV0g=

merge-descriptors@1.0.1:
  version "1.0.1"
  resolved "https://registry.npmjs.org/merge-descriptors/-/merge-descriptors-1.0.1.tgz"
  integrity sha1-sAqqVW3YtEVoFQ7J0blT8/kMu2E=

methods@~1.1.2:
  version "1.1.2"
  resolved "https://registry.npmjs.org/methods/-/methods-1.1.2.tgz"
  integrity sha1-VSmk1nZUE07cxSZmVoNbD4Ua/O4=

mime-db@1.51.0:
  version "1.51.0"
  resolved "https://registry.npmjs.org/mime-db/-/mime-db-1.51.0.tgz"
  integrity sha512-5y8A56jg7XVQx2mbv1lu49NR4dokRnhZYTtL+KGfaa27uq4pSTXkwQkFJl4pkRMyNFz/EtYDSkiiEHx3F7UN6g==

mime-types@~2.1.24:
  version "2.1.34"
  resolved "https://registry.npmjs.org/mime-types/-/mime-types-2.1.34.tgz"
  integrity sha512-6cP692WwGIs9XXdOO4++N+7qjqv0rqxxVvJ3VHPh/Sc9mVZcQP+ZGhkKiTvWMQRr2tbHkJP/Yn7Y0npb3ZBs4A==
  dependencies:
    mime-db "1.51.0"

mime@1.6.0:
  version "1.6.0"
  resolved "https://registry.npmjs.org/mime/-/mime-1.6.0.tgz"
  integrity sha512-x0Vn8spI+wuJ1O6S7gnbaQg8Pxh4NNHb7KSINmEWKiPE4RKOplvijn+NkmYmmRgP68mc70j2EbeTFRsrswaQeg==

minimist@^1.2.0:
  version "1.2.5"
  resolved "https://registry.yarnpkg.com/minimist/-/minimist-1.2.5.tgz#67d66014b66a6a8aaa0c083c5fd58df4e4e97602"
  integrity sha512-FM9nNUYrRBAELZQT3xeZQ7fmMOBg6nWNmJKTcgsJeaLstP/UODVpGsr5OhXhhXg6f+qtJ8uiZ+PUxkDWcgIXLw==

ms@2.0.0:
  version "2.0.0"
  resolved "https://registry.npmjs.org/ms/-/ms-2.0.0.tgz"
  integrity sha1-VgiurfwAvmwpAd9fmGF4jeDVl8g=

ms@2.1.3:
  version "2.1.3"
  resolved "https://registry.npmjs.org/ms/-/ms-2.1.3.tgz"
  integrity sha512-6FlzubTLZG3J2a/NVCAleEhjzq5oxgHyaCU9yYXvcLsvoVaHJq/s5xXI6/XXP6tz7R9xAOtHnSO/tXtF3WRTlA==

negotiator@0.6.2:
  version "0.6.2"
  resolved "https://registry.npmjs.org/negotiator/-/negotiator-0.6.2.tgz"
  integrity sha512-hZXc7K2e+PgeI1eDBe/10Ard4ekbfrrqG8Ep+8Jmf4JID2bNg7NvCPOZN+kfF574pFQI7mum2AUqDidoKqcTOw==

normalize-path@^3.0.0, normalize-path@~3.0.0:
  version "3.0.0"
  resolved "https://registry.npmjs.org/normalize-path/-/normalize-path-3.0.0.tgz"
  integrity sha512-6eZs5Ls3WtCisHWp9S2GUy8dqkpGi4BVSz3GaqiE6ezub0512ESztXUwUB6C6IKbQkY2Pnb/mD4WYojCRwcwLA==

on-finished@~2.3.0:
  version "2.3.0"
  resolved "https://registry.npmjs.org/on-finished/-/on-finished-2.3.0.tgz"
  integrity sha1-IPEzZIGwg811M3mSoWlxqi2QaUc=
  dependencies:
    ee-first "1.1.1"

parseurl@~1.3.3:
  version "1.3.3"
  resolved "https://registry.npmjs.org/parseurl/-/parseurl-1.3.3.tgz"
  integrity sha512-CiyeOxFT/JZyN5m0z9PfXw4SCBJ6Sygz1Dpl0wqjlhDEGGBP1GnsUVEL0p63hoG1fcj3fHynXi9NYO4nWOL+qQ==

path-to-regexp@0.1.7:
  version "0.1.7"
  resolved "https://registry.npmjs.org/path-to-regexp/-/path-to-regexp-0.1.7.tgz"
  integrity sha1-32BBeABfUi8V60SQ5yR6G/qmf4w=

picomatch@^2.0.4, picomatch@^2.2.1:
  version "2.3.1"
  resolved "https://registry.npmjs.org/picomatch/-/picomatch-2.3.1.tgz"
  integrity sha512-JU3teHTNjmE2VCGFzuY8EXzCDVwEqB2a8fsIvwaStHhAWJEeVd1o1QD80CU6+ZdEXXSLbSsuLwJjkCBWqRQUVA==

plotly.js-dist-min@^2.8.3:
  version "2.8.3"
  resolved "https://registry.npmjs.org/plotly.js-dist-min/-/plotly.js-dist-min-2.8.3.tgz"
  integrity sha512-TjovBrqIbedUfjGWNMMs++az3lF4hsIAB8EjqM/mC0cPrO7Wg86lBkHAsRbMra5aWyXA+M52yiQUUKBfThqwzg==

process-nextick-args@~2.0.0:
  version "2.0.1"
  resolved "https://registry.yarnpkg.com/process-nextick-args/-/process-nextick-args-2.0.1.tgz#7820d9b16120cc55ca9ae7792680ae7dba6d7fe2"
  integrity sha512-3ouUOpQhtgrbOa17J7+uxOTpITYWaGP7/AhoR3+A+/1e9skrzelGi/dXzEYyvbxubEF6Wn2ypscTKiKJFFn1ag==

proxy-addr@~2.0.7:
  version "2.0.7"
  resolved "https://registry.npmjs.org/proxy-addr/-/proxy-addr-2.0.7.tgz"
  integrity sha512-llQsMLSUDUPT44jdrU/O37qlnifitDP+ZwrmmZcoSKyLKvtZxpyV0n2/bD/N4tBAAZ/gJEdZU7KMraoK1+XYAg==
  dependencies:
    forwarded "0.2.0"
    ipaddr.js "1.9.1"

qs@6.9.6:
  version "6.9.6"
  resolved "https://registry.npmjs.org/qs/-/qs-6.9.6.tgz"
  integrity sha512-TIRk4aqYLNoJUbd+g2lEdz5kLWIuTMRagAXxl78Q0RiVjAOugHmeKNGdd3cwo/ktpf9aL9epCfFqWDEKysUlLQ==

range-parser@~1.2.1:
  version "1.2.1"
  resolved "https://registry.npmjs.org/range-parser/-/range-parser-1.2.1.tgz"
  integrity sha512-Hrgsx+orqoygnmhFbKaHE6c296J+HTAQXoxEF6gNupROmmGJRoyzfG3ccAveqCBrwr/2yxQ5BVd/GTl5agOwSg==

raw-body@2.4.2:
  version "2.4.2"
  resolved "https://registry.npmjs.org/raw-body/-/raw-body-2.4.2.tgz"
  integrity sha512-RPMAFUJP19WIet/99ngh6Iv8fzAbqum4Li7AD6DtGaW2RpMB/11xDoalPiJMTbu6I3hkbMVkATvZrqb9EEqeeQ==
  dependencies:
    bytes "3.1.1"
    http-errors "1.8.1"
    iconv-lite "0.4.24"
    unpipe "1.0.0"

readable-stream@^2.1.4:
  version "2.3.7"
  resolved "https://registry.yarnpkg.com/readable-stream/-/readable-stream-2.3.7.tgz#1eca1cf711aef814c04f62252a36a62f6cb23b57"
  integrity sha512-Ebho8K4jIbHAxnuxi7o42OrZgF/ZTNcsZj6nRKyUmkhLFq8CHItp/fy6hQZuZmP/n3yZ9VBUbp4zz/mX8hmYPw==
  dependencies:
    core-util-is "~1.0.0"
    inherits "~2.0.3"
    isarray "~1.0.0"
    process-nextick-args "~2.0.0"
    safe-buffer "~5.1.1"
    string_decoder "~1.1.1"
    util-deprecate "~1.0.1"

readdirp@~3.6.0:
  version "3.6.0"
  resolved "https://registry.npmjs.org/readdirp/-/readdirp-3.6.0.tgz"
  integrity sha512-hOS089on8RduqdbhvQ5Z37A0ESjsqz6qnRcffsMU3495FuTdqSm+7bhJ29JvIOsBDEEnan5DPu9t3To9VRlMzA==
  dependencies:
    picomatch "^2.2.1"

safe-buffer@5.2.1:
  version "5.2.1"
  resolved "https://registry.npmjs.org/safe-buffer/-/safe-buffer-5.2.1.tgz"
  integrity sha512-rp3So07KcdmmKbGvgaNxQSJr7bGVSVk5S9Eq1F+ppbRo70+YeaDxkw5Dd8NPN+GD6bjnYm2VuPuCXmpuYvmCXQ==

safe-buffer@~5.1.0, safe-buffer@~5.1.1:
  version "5.1.2"
  resolved "https://registry.yarnpkg.com/safe-buffer/-/safe-buffer-5.1.2.tgz#991ec69d296e0313747d59bdfd2b745c35f8828d"
  integrity sha512-Gd2UZBJDkXlY7GbJxfsE8/nvKkUEU1G38c1siN6QP6a9PT9MmHB8GnpscSmMJSoF8LOIrt8ud/wPtojys4G6+g==

"safer-buffer@>= 2.1.2 < 3":
  version "2.1.2"
  resolved "https://registry.npmjs.org/safer-buffer/-/safer-buffer-2.1.2.tgz"
  integrity sha512-YZo3K82SD7Riyi0E1EQPojLz7kpepnSQI9IyPbHHg1XXXevb5dJI7tpyN2ADxGcQbHG7vcyRHk0cbwqcQriUtg==

send@0.17.2:
  version "0.17.2"
  resolved "https://registry.npmjs.org/send/-/send-0.17.2.tgz"
  integrity sha512-UJYB6wFSJE3G00nEivR5rgWp8c2xXvJ3OPWPhmuteU0IKj8nKbG3DrjiOmLwpnHGYWAVwA69zmTm++YG0Hmwww==
  dependencies:
    debug "2.6.9"
    depd "~1.1.2"
    destroy "~1.0.4"
    encodeurl "~1.0.2"
    escape-html "~1.0.3"
    etag "~1.8.1"
    fresh "0.5.2"
    http-errors "1.8.1"
    mime "1.6.0"
    ms "2.1.3"
    on-finished "~2.3.0"
    range-parser "~1.2.1"
    statuses "~1.5.0"

serve-static@1.14.2:
  version "1.14.2"
  resolved "https://registry.npmjs.org/serve-static/-/serve-static-1.14.2.tgz"
  integrity sha512-+TMNA9AFxUEGuC0z2mevogSnn9MXKb4fa7ngeRMJaaGv8vTwnIEkKi+QGvPt33HSnf8pRS+WGM0EbMtCJLKMBQ==
  dependencies:
    encodeurl "~1.0.2"
    escape-html "~1.0.3"
    parseurl "~1.3.3"
    send "0.17.2"

setprototypeof@1.2.0:
  version "1.2.0"
  resolved "https://registry.npmjs.org/setprototypeof/-/setprototypeof-1.2.0.tgz"
  integrity sha512-E5LDX7Wrp85Kil5bhZv46j8jOeboKq5JMmYM3gVGdGH8xFpPWXUMsNrlODCrkoxMEeNi/XZIwuRvY4XNwYMJpw==

"statuses@>= 1.5.0 < 2", statuses@~1.5.0:
  version "1.5.0"
  resolved "https://registry.npmjs.org/statuses/-/statuses-1.5.0.tgz"
  integrity sha1-Fhx9rBd2Wf2YEfQ3cfqZOBR4Yow=

string_decoder@~1.1.1:
  version "1.1.1"
  resolved "https://registry.yarnpkg.com/string_decoder/-/string_decoder-1.1.1.tgz#9cf1611ba62685d7030ae9e4ba34149c3af03fc8"
  integrity sha512-n/ShnvDi6FHbbVfviro+WojiFzv+s8MPMHBczVePfUpDJLwoLT0ht1l4YwBCbi8pJAveEEdnkHyPyTP/mzRfwg==
  dependencies:
    safe-buffer "~5.1.0"

to-regex-range@^5.0.1:
  version "5.0.1"
  resolved "https://registry.npmjs.org/to-regex-range/-/to-regex-range-5.0.1.tgz"
  integrity sha512-65P7iz6X5yEr1cwcgvQxbbIw7Uk3gOy5dIdtZ4rDveLqhrdJP+Li/Hx6tyK0NEb+2GCyneCMJiGqrADCSNk8sQ==
  dependencies:
    is-number "^7.0.0"

toidentifier@1.0.1:
  version "1.0.1"
  resolved "https://registry.npmjs.org/toidentifier/-/toidentifier-1.0.1.tgz"
  integrity sha512-o5sSPKEkg/DIQNmH43V0/uerLrpzVedkUh8tGNvaeXpfpuwjKenlSox/2O/BTlZUtEe+JG7s5YhEz608PlAHRA==

type-is@~1.6.18:
  version "1.6.18"
  resolved "https://registry.npmjs.org/type-is/-/type-is-1.6.18.tgz"
  integrity sha512-TkRKr9sUTxEH8MdfuCSP7VizJyzRNMjj2J2do2Jr3Kym598JVdEksuzPQCnlFPW4ky9Q+iA+ma9BGm06XQBy8g==
  dependencies:
    media-typer "0.3.0"
    mime-types "~2.1.24"

unpipe@1.0.0, unpipe@~1.0.0:
  version "1.0.0"
  resolved "https://registry.npmjs.org/unpipe/-/unpipe-1.0.0.tgz"
  integrity sha1-sr9O6FFKrmFltIF4KdIbLvSZBOw=

util-deprecate@~1.0.1:
  version "1.0.2"
  resolved "https://registry.yarnpkg.com/util-deprecate/-/util-deprecate-1.0.2.tgz#450d4dc9fa70de732762fbd2d4a28981419a0ccf"
  integrity sha1-RQ1Nyfpw3nMnYvvS1KKJgUGaDM8=

utils-merge@1.0.1:
  version "1.0.1"
  resolved "https://registry.npmjs.org/utils-merge/-/utils-merge-1.0.1.tgz"
  integrity sha1-n5VxD1CiZ5R7LMwSR0HBAoQn5xM=

vary@~1.1.2:
  version "1.1.2"
  resolved "https://registry.npmjs.org/vary/-/vary-1.1.2.tgz"
  integrity sha1-IpnwLG3tMNSllhsLn3RSShj2NPw=
